
Microsoft Visual Studio Solution File, Format Version 12.00
# Visual Studio Version 16
VisualStudioVersion = 16.0.30011.22
MinimumVisualStudioVersion = 10.0.40219.1
Project("{9A19103F-16F7-4668-BE54-9A1E7A4F7556}") = "developerSandbox", "developerSandbox\developerSandbox.csproj", "{A30B28A6-43F9-4996-8BEB-88D10F8A4CB4}"
EndProject
Project("{FAE04EC0-301F-11D3-BF4B-00C04F79EFBC}") = "seekableExtraction", "seekableExtraction\seekableExtraction.csproj", "{AE168179-99A6-4184-B102-5D8ACAC3E447}"
EndProject
Global
	GlobalSection(SolutionConfigurationPlatforms) = preSolution
		Debug|Any CPU = Debug|Any CPU
		Release|Any CPU = Release|Any CPU
	EndGlobalSection
	GlobalSection(ProjectConfigurationPlatforms) = postSolution
		{A30B28A6-43F9-4996-8BEB-88D10F8A4CB4}.Debug|Any CPU.ActiveCfg = Debug|Any CPU
		{A30B28A6-43F9-4996-8BEB-88D10F8A4CB4}.Debug|Any CPU.Build.0 = Debug|Any CPU
		{A30B28A6-43F9-4996-8BEB-88D10F8A4CB4}.Release|Any CPU.ActiveCfg = Release|Any CPU
		{A30B28A6-43F9-4996-8BEB-88D10F8A4CB4}.Release|Any CPU.Build.0 = Release|Any CPU
		{AE168179-99A6-4184-B102-5D8ACAC3E447}.Debug|Any CPU.ActiveCfg = Debug|Any CPU
		{AE168179-99A6-4184-B102-5D8ACAC3E447}.Debug|Any CPU.Build.0 = Debug|Any CPU
		{AE168179-99A6-4184-B102-5D8ACAC3E447}.Release|Any CPU.ActiveCfg = Release|Any CPU
		{AE168179-99A6-4184-B102-5D8ACAC3E447}.Release|Any CPU.Build.0 = Release|Any CPU
	EndGlobalSection
	GlobalSection(SolutionProperties) = preSolution
		HideSolutionNode = FALSE
	EndGlobalSection
	GlobalSection(ExtensibilityGlobals) = postSolution
		SolutionGuid = {A02DB09F-1C09-4DED-B2CC-E5F8727B1E2E}
	EndGlobalSection
EndGlobal
